
Microsoft Visual Studio Solution File, Format Version 12.00
# Visual Studio Version 17
VisualStudioVersion = 17.4.33110.190
MinimumVisualStudioVersion = 10.0.40219.1
Project("{9A19103F-16F7-4668-BE54-9A1E7A4F7556}") = "WindowsBanking", "WindowsBanking.csproj", "{35E1D86E-20D9-4E71-B300-5AE97F2CB91D}"
EndProject
Project("{9A19103F-16F7-4668-BE54-9A1E7A4F7556}") = "IBAN", "IBAN\IBAN.csproj", "{34A61B14-9392-49C0-8451-8F19E274AE20}"
EndProject
Project("{9A19103F-16F7-4668-BE54-9A1E7A4F7556}") = "Account", "Account\Account.csproj", "{7CF7DF5B-F40D-425F-AEE9-FA3A3FF58CAC}"
EndProject
Project("{FAE04EC0-301F-11D3-BF4B-00C04F79EFBC}") = "Utility", "Utility\Utility.csproj", "{505A4E94-D3EE-4502-A45C-8CB6C794D5CE}"
EndProject
Global
	GlobalSection(SolutionConfigurationPlatforms) = preSolution
		Debug|Any CPU = Debug|Any CPU
		Release|Any CPU = Release|Any CPU
	EndGlobalSection
	GlobalSection(ProjectConfigurationPlatforms) = postSolution
		{35E1D86E-20D9-4E71-B300-5AE97F2CB91D}.Debug|Any CPU.ActiveCfg = Debug|Any CPU
		{35E1D86E-20D9-4E71-B300-5AE97F2CB91D}.Debug|Any CPU.Build.0 = Debug|Any CPU
		{35E1D86E-20D9-4E71-B300-5AE97F2CB91D}.Release|Any CPU.ActiveCfg = Release|Any CPU
		{35E1D86E-20D9-4E71-B300-5AE97F2CB91D}.Release|Any CPU.Build.0 = Release|Any CPU
		{34A61B14-9392-49C0-8451-8F19E274AE20}.Debug|Any CPU.ActiveCfg = Debug|Any CPU
		{34A61B14-9392-49C0-8451-8F19E274AE20}.Debug|Any CPU.Build.0 = Debug|Any CPU
		{34A61B14-9392-49C0-8451-8F19E274AE20}.Release|Any CPU.ActiveCfg = Release|Any CPU
		{34A61B14-9392-49C0-8451-8F19E274AE20}.Release|Any CPU.Build.0 = Release|Any CPU
		{7CF7DF5B-F40D-425F-AEE9-FA3A3FF58CAC}.Debug|Any CPU.ActiveCfg = Debug|Any CPU
		{7CF7DF5B-F40D-425F-AEE9-FA3A3FF58CAC}.Debug|Any CPU.Build.0 = Debug|Any CPU
		{7CF7DF5B-F40D-425F-AEE9-FA3A3FF58CAC}.Release|Any CPU.ActiveCfg = Release|Any CPU
		{7CF7DF5B-F40D-425F-AEE9-FA3A3FF58CAC}.Release|Any CPU.Build.0 = Release|Any CPU
		{505A4E94-D3EE-4502-A45C-8CB6C794D5CE}.Debug|Any CPU.ActiveCfg = Debug|Any CPU
		{505A4E94-D3EE-4502-A45C-8CB6C794D5CE}.Debug|Any CPU.Build.0 = Debug|Any CPU
		{505A4E94-D3EE-4502-A45C-8CB6C794D5CE}.Release|Any CPU.ActiveCfg = Release|Any CPU
		{505A4E94-D3EE-4502-A45C-8CB6C794D5CE}.Release|Any CPU.Build.0 = Release|Any CPU
	EndGlobalSection
	GlobalSection(SolutionProperties) = preSolution
		HideSolutionNode = FALSE
	EndGlobalSection
	GlobalSection(ExtensibilityGlobals) = postSolution
		SolutionGuid = {DDAAD78B-925E-4DB6-95D2-10DEE9E41068}
	EndGlobalSection
EndGlobal
